
Microsoft Visual Studio Solution File, Format Version 12.00
# Visual Studio Version 16
VisualStudioVersion = 16.0.31702.278
MinimumVisualStudioVersion = 10.0.40219.1
Project("{FAE04EC0-301F-11D3-BF4B-00C04F79EFBC}") = "ChangingFindsByLocators", "ChangingFindsByLocators\ChangingFindsByLocators.csproj", "{AA5046E5-40A2-4981-8A5B-B14A2216E267}"
EndProject
Global
	GlobalSection(SolutionConfigurationPlatforms) = preSolution
		Debug|Any CPU = Debug|Any CPU
		Release|Any CPU = Release|Any CPU
	EndGlobalSection
	GlobalSection(ProjectConfigurationPlatforms) = postSolution
		{AA5046E5-40A2-4981-8A5B-B14A2216E267}.Debug|Any CPU.ActiveCfg = Debug|Any CPU
		{AA5046E5-40A2-4981-8A5B-B14A2216E267}.Debug|Any CPU.Build.0 = Debug|Any CPU
		{AA5046E5-40A2-4981-8A5B-B14A2216E267}.Release|Any CPU.ActiveCfg = Release|Any CPU
		{AA5046E5-40A2-4981-8A5B-B14A2216E267}.Release|Any CPU.Build.0 = Release|Any CPU
	EndGlobalSection
	GlobalSection(SolutionProperties) = preSolution
		HideSolutionNode = FALSE
	EndGlobalSection
	GlobalSection(ExtensibilityGlobals) = postSolution
		SolutionGuid = {69231768-708E-459F-86D9-B8809B1DE9F0}
	EndGlobalSection
EndGlobal
